Microsoft Visual Studio Solution File, Format Version 11.00
# Visual Studio 2008

Project("{4C314810-AF16-B7CF-BAC3-E0EAFA8A7696}") = "MYO", "Assembly-CSharp-firstpass.csproj", "{8CDAC0C3-88D4-72D8-9B68-29ED14990590}"
EndProject
Project("{4C314810-AF16-B7CF-BAC3-E0EAFA8A7696}") = "MYO", "Assembly-CSharp.csproj", "{CBA68831-7E68-9A5E-64E3-AC466F23758D}"
EndProject
Project("{4C314810-AF16-B7CF-BAC3-E0EAFA8A7696}") = "MYO", "Assembly-UnityScript-firstpass.unityproj", "{5132D852-0E5B-CF30-8CB3-306604702D9D}"
EndProject
Global
	GlobalSection(SolutionConfigurationPlatforms) = preSolution
		Debug|Any CPU = Debug|Any CPU
		Release|Any CPU = Release|Any CPU
	EndGlobalSection
	GlobalSection(ProjectConfigurationPlatforms) = postSolution
		{8CDAC0C3-88D4-72D8-9B68-29ED14990590}.Debug|Any CPU.ActiveCfg = Debug|Any CPU
		{8CDAC0C3-88D4-72D8-9B68-29ED14990590}.Debug|Any CPU.Build.0 = Debug|Any CPU
		{8CDAC0C3-88D4-72D8-9B68-29ED14990590}.Release|Any CPU.ActiveCfg = Release|Any CPU
		{8CDAC0C3-88D4-72D8-9B68-29ED14990590}.Release|Any CPU.Build.0 = Release|Any CPU
		{CBA68831-7E68-9A5E-64E3-AC466F23758D}.Debug|Any CPU.ActiveCfg = Debug|Any CPU
		{CBA68831-7E68-9A5E-64E3-AC466F23758D}.Debug|Any CPU.Build.0 = Debug|Any CPU
		{CBA68831-7E68-9A5E-64E3-AC466F23758D}.Release|Any CPU.ActiveCfg = Release|Any CPU
		{CBA68831-7E68-9A5E-64E3-AC466F23758D}.Release|Any CPU.Build.0 = Release|Any CPU
		{5132D852-0E5B-CF30-8CB3-306604702D9D}.Debug|Any CPU.ActiveCfg = Debug|Any CPU
		{5132D852-0E5B-CF30-8CB3-306604702D9D}.Debug|Any CPU.Build.0 = Debug|Any CPU
		{5132D852-0E5B-CF30-8CB3-306604702D9D}.Release|Any CPU.ActiveCfg = Release|Any CPU
		{5132D852-0E5B-CF30-8CB3-306604702D9D}.Release|Any CPU.Build.0 = Release|Any CPU
	EndGlobalSection
	GlobalSection(SolutionProperties) = preSolution
		HideSolutionNode = FALSE
	EndGlobalSection
																					GlobalSection(MonoDevelopProperties) = preSolution
=======
														GlobalSection(MonoDevelopProperties) = preSolution
>>>>>>> origin/master
		StartupItem = Assembly-CSharp.csproj
		Policies = $0
		$0.TextStylePolicy = $1
		$1.inheritsSet = null
		$1.scope = text/x-csharp
		$0.CSharpFormattingPolicy = $2
		$2.inheritsSet = Mono
		$2.inheritsScope = text/x-csharp
		$2.scope = text/x-csharp
		$0.TextStylePolicy = $3
		$3.FileWidth = 120
		$3.TabWidth = 4
		$3.EolMarker = Unix
		$3.inheritsSet = Mono
		$3.inheritsScope = text/plain
		$3.scope = text/plain
	EndGlobalSection

EndGlobal
